// !$*UTF8*$!
{
	archiveVersion = 1;
	classes = {
	};
	objectVersion = 46;
	objects = {

/* Begin PBXBuildFile section */
		EA0757301CE4D11B00F525E1 /* AppDelegate.swift in Sources */ = {isa = PBXBuildFile; fileRef = EA07572F1CE4D11B00F525E1 /* AppDelegate.swift */; };
		EA0757321CE4D11B00F525E1 /* RootViewController.swift in Sources */ = {isa = PBXBuildFile; fileRef = EA0757311CE4D11B00F525E1 /* RootViewController.swift */; };
		EA0757341CE4D11B00F525E1 /* DataViewController.swift in Sources */ = {isa = PBXBuildFile; fileRef = EA0757331CE4D11B00F525E1 /* DataViewController.swift */; };
		EA0757361CE4D11B00F525E1 /* ModelController.swift in Sources */ = {isa = PBXBuildFile; fileRef = EA0757351CE4D11B00F525E1 /* ModelController.swift */; };
		EA0757391CE4D11B00F525E1 /* Main.storyboard in Resources */ = {isa = PBXBuildFile; fileRef = EA0757371CE4D11B00F525E1 /* Main.storyboard */; };
		EA07573B1CE4D11B00F525E1 /* Assets.xcassets in Resources */ = {isa = PBXBuildFile; fileRef = EA07573A1CE4D11B00F525E1 /* Assets.xcassets */; };
		EA07573E1CE4D11B00F525E1 /* LaunchScreen.storyboard in Resources */ = {isa = PBXBuildFile; fileRef = EA07573C1CE4D11B00F525E1 /* LaunchScreen.storyboard */; };
		EA0757621CE4D6CA00F525E1 /* PageViewController.swift in Sources */ = {isa = PBXBuildFile; fileRef = EA0757611CE4D6CA00F525E1 /* PageViewController.swift */; };
		EA0757641CE4E19900F525E1 /* PageControllerDelegate.swift in Sources */ = {isa = PBXBuildFile; fileRef = EA0757631CE4E19900F525E1 /* PageControllerDelegate.swift */; };
/* End PBXBuildFile section */

/* Begin PBXFileReference section */
		EA07572C1CE4D11B00F525E1 /* ProgrammaticallySwipePageViewController.app */ = {isa = PBXFileReference; explicitFileType = wrapper.application; includeInIndex = 0; path = ProgrammaticallySwipePageViewController.app; sourceTree = BUILT_PRODUCTS_DIR; };
		EA07572F1CE4D11B00F525E1 /* AppDelegate.swift */ = {isa = PBXFileReference; lastKnownFileType = sourcecode.swift; path = AppDelegate.swift; sourceTree = "<group>"; };
		EA0757311CE4D11B00F525E1 /* RootViewController.swift */ = {isa = PBXFileReference; lastKnownFileType = sourcecode.swift; path = RootViewController.swift; sourceTree = "<group>"; };
		EA0757331CE4D11B00F525E1 /* DataViewController.swift */ = {isa = PBXFileReference; lastKnownFileType = sourcecode.swift; path = DataViewController.swift; sourceTree = "<group>"; };
		EA0757351CE4D11B00F525E1 /* ModelController.swift */ = {isa = PBXFileReference; lastKnownFileType = sourcecode.swift; path = ModelController.swift; sourceTree = "<group>"; };
		EA0757381CE4D11B00F525E1 /* Base */ = {isa = PBXFileReference; lastKnownFileType = file.storyboard; name = Base; path = Base.lproj/Main.storyboard; sourceTree = "<group>"; };
		EA07573A1CE4D11B00F525E1 /* Assets.xcassets */ = {isa = PBXFileReference; lastKnownFileType = folder.assetcatalog; path = Assets.xcassets; sourceTree = "<group>"; };
		EA07573D1CE4D11B00F525E1 /* Base */ = {isa = PBXFileReference; lastKnownFileType = file.storyboard; name = Base; path = Base.lproj/LaunchScreen.storyboard; sourceTree = "<group>"; };
		EA07573F1CE4D11B00F525E1 /* Info.plist */ = {isa = PBXFileReference; lastKnownFileType = text.plist.xml; path = Info.plist; sourceTree = "<group>"; };
		EA0757611CE4D6CA00F525E1 /* PageViewController.swift */ = {isa = PBXFileReference; fileEncoding = 4; lastKnownFileType = sourcecode.swift; path = PageViewController.swift; sourceTree = "<group>"; };
		EA0757631CE4E19900F525E1 /* PageControllerDelegate.swift */ = {isa = PBXFileReference; fileEncoding = 4; lastKnownFileType = sourcecode.swift; path = PageControllerDelegate.swift; sourceTree = "<group>"; };
/* End PBXFileReference section */

/* Begin PBXFrameworksBuildPhase section */
		EA0757291CE4D11B00F525E1 /* Frameworks */ = {
			isa = PBXFrameworksBuildPhase;
			buildActionMask = 2147483647;
			files = (
			);
			runOnlyForDeploymentPostprocessing = 0;
		};
/* End PBXFrameworksBuildPhase section */

/* Begin PBXGroup section */
		EA0757231CE4D11A00F525E1 = {
			isa = PBXGroup;
			children = (
				EA07572E1CE4D11B00F525E1 /* ProgrammaticallySwipePageViewController */,
				EA07572D1CE4D11B00F525E1 /* Products */,
			);
			sourceTree = "<group>";
		};
		EA07572D1CE4D11B00F525E1 /* Products */ = {
			isa = PBXGroup;
			children = (
				EA07572C1CE4D11B00F525E1 /* ProgrammaticallySwipePageViewController.app */,
			);
			name = Products;
			sourceTree = "<group>";
		};
		EA07572E1CE4D11B00F525E1 /* ProgrammaticallySwipePageViewController */ = {
			isa = PBXGroup;
			children = (
				EA0757611CE4D6CA00F525E1 /* PageViewController.swift */,
				EA0757311CE4D11B00F525E1 /* RootViewController.swift */,
				EA0757331CE4D11B00F525E1 /* DataViewController.swift */,
				EA0757351CE4D11B00F525E1 /* ModelController.swift */,
				EA0757631CE4E19900F525E1 /* PageControllerDelegate.swift */,
				EA0757661CE4E2CC00F525E1 /* Supporting Files */,
			);
			name = ProgrammaticallySwipePageViewController;
			path = testPage;
			sourceTree = "<group>";
		};
		EA0757661CE4E2CC00F525E1 /* Supporting Files */ = {
			isa = PBXGroup;
			children = (
				EA07572F1CE4D11B00F525E1 /* AppDelegate.swift */,
				EA0757371CE4D11B00F525E1 /* Main.storyboard */,
				EA07573A1CE4D11B00F525E1 /* Assets.xcassets */,
				EA07573C1CE4D11B00F525E1 /* LaunchScreen.storyboard */,
				EA07573F1CE4D11B00F525E1 /* Info.plist */,
			);
			name = "Supporting Files";
			sourceTree = "<group>";
		};
/* End PBXGroup section */

/* Begin PBXNativeTarget section */
		EA07572B1CE4D11B00F525E1 /* ProgrammaticallySwipePageViewController */ = {
			isa = PBXNativeTarget;
			buildConfigurationList = EA0757581CE4D11B00F525E1 /* Build configuration list for PBXNativeTarget "ProgrammaticallySwipePageViewController" */;
			buildPhases = (
				EA0757281CE4D11B00F525E1 /* Sources */,
				EA0757291CE4D11B00F525E1 /* Frameworks */,
				EA07572A1CE4D11B00F525E1 /* Resources */,
				EA0757651CE4E1C900F525E1 /* ShellScript */,
			);
			buildRules = (
			);
			dependencies = (
			);
			name = ProgrammaticallySwipePageViewController;
			productName = testPage;
			productReference = EA07572C1CE4D11B00F525E1 /* ProgrammaticallySwipePageViewController.app */;
			productType = "com.apple.product-type.application";
		};
/* End PBXNativeTarget section */

/* Begin PBXProject section */
		EA0757241CE4D11A00F525E1 /* Project object */ = {
			isa = PBXProject;
			attributes = {
				LastSwiftUpdateCheck = 0730;
				LastUpgradeCheck = 0730;
				ORGANIZATIONNAME = cnet;
				TargetAttributes = {
					EA07572B1CE4D11B00F525E1 = {
						CreatedOnToolsVersion = 7.3;
					};
				};
			};
			buildConfigurationList = EA0757271CE4D11A00F525E1 /* Build configuration list for PBXProject "ProgrammaticallySwipePageViewController" */;
			compatibilityVersion = "Xcode 3.2";
			developmentRegion = English;
			hasScannedForEncodings = 0;
			knownRegions = (
				en,
				Base,
			);
			mainGroup = EA0757231CE4D11A00F525E1;
			productRefGroup = EA07572D1CE4D11B00F525E1 /* Products */;
			projectDirPath = "";
			projectRoot = "";
			targets = (
				EA07572B1CE4D11B00F525E1 /* ProgrammaticallySwipePageViewController */,
			);
		};
/* End PBXProject section */

/* Begin PBXResourcesBuildPhase section */
		EA07572A1CE4D11B00F525E1 /* Resources */ = {
			isa = PBXResourcesBuildPhase;
			buildActionMask = 2147483647;
			files = (
				EA07573E1CE4D11B00F525E1 /* LaunchScreen.storyboard in Resources */,
				EA07573B1CE4D11B00F525E1 /* Assets.xcassets in Resources */,
				EA0757391CE4D11B00F525E1 /* Main.storyboard in Resources */,
			);
			runOnlyForDeploymentPostprocessing = 0;
		};
/* End PBXResourcesBuildPhase section */

/* Begin PBXShellScriptBuildPhase section */
		EA0757651CE4E1C900F525E1 /* ShellScript */ = {
			isa = PBXShellScriptBuildPhase;
			buildActionMask = 2147483647;
			files = (
			);
			inputPaths = (
			);
			outputPaths = (
			);
			runOnlyForDeploymentPostprocessing = 0;
			shellPath = /bin/sh;
			shellScript = "if which swiftlint >/dev/null; then\nswiftlint\nelse\necho \"warning: SwiftLint not installed, download from https://github.com/realm/SwiftLint\"\nfi";
		};
/* End PBXShellScriptBuildPhase section */

/* Begin PBXSourcesBuildPhase section */
		EA0757281CE4D11B00F525E1 /* Sources */ = {
			isa = PBXSourcesBuildPhase;
			buildActionMask = 2147483647;
			files = (
				EA0757321CE4D11B00F525E1 /* RootViewController.swift in Sources */,
				EA0757621CE4D6CA00F525E1 /* PageViewController.swift in Sources */,
				EA0757361CE4D11B00F525E1 /* ModelController.swift in Sources */,
				EA0757641CE4E19900F525E1 /* PageControllerDelegate.swift in Sources */,
				EA0757341CE4D11B00F525E1 /* DataViewController.swift in Sources */,
				EA0757301CE4D11B00F525E1 /* AppDelegate.swift in Sources */,
			);
			runOnlyForDeploymentPostprocessing = 0;
		};
/* End PBXSourcesBuildPhase section */

/* Begin PBXVariantGroup section */
		EA0757371CE4D11B00F525E1 /* Main.storyboard */ = {
			isa = PBXVariantGroup;
			children = (
				EA0757381CE4D11B00F525E1 /* Base */,
			);
			name = Main.storyboard;
			sourceTree = "<group>";
		};
		EA07573C1CE4D11B00F525E1 /* LaunchScreen.storyboard */ = {
			isa = PBXVariantGroup;
			children = (
				EA07573D1CE4D11B00F525E1 /* Base */,
			);
			name = LaunchScreen.storyboard;
			sourceTree = "<group>";
		};
/* End PBXVariantGroup section */

/* Begin XCBuildConfiguration section */
		EA0757561CE4D11B00F525E1 /* Debug */ = {
			isa = XCBuildConfiguration;
			buildSettings = {
				ALWAYS_SEARCH_USER_PATHS = NO;
				CLANG_ANALYZER_NONNULL = YES;
				CLANG_CXX_LANGUAGE_STANDARD = "gnu++0x";
				CLANG_CXX_LIBRARY = "libc++";
				CLANG_ENABLE_MODULES = YES;
				CLANG_ENABLE_OBJC_ARC = YES;
				CLANG_WARN_BOOL_CONVERSION = YES;
				CLANG_WARN_CONSTANT_CONVERSION = YES;
				CLANG_WARN_DIRECT_OBJC_ISA_USAGE = YES_ERROR;
				CLANG_WARN_EMPTY_BODY = YES;
				CLANG_WARN_ENUM_CONVERSION = YES;
				CLANG_WARN_INT_CONVERSION = YES;
				CLANG_WARN_OBJC_ROOT_CLASS = YES_ERROR;
				CLANG_WARN_UNREACHABLE_CODE = YES;
				CLANG_WARN__DUPLICATE_METHOD_MATCH = YES;
				"CODE_SIGN_IDENTITY[sdk=iphoneos*]" = "iPhone Developer";
				COPY_PHASE_STRIP = NO;
				DEBUG_INFORMATION_FORMAT = dwarf;
				ENABLE_STRICT_OBJC_MSGSEND = YES;
				ENABLE_TESTABILITY = YES;
				GCC_C_LANGUAGE_STANDARD = gnu99;
				GCC_DYNAMIC_NO_PIC = NO;
				GCC_NO_COMMON_BLOCKS = YES;
				GCC_OPTIMIZATION_LEVEL = 0;
				GCC_PREPROCESSOR_DEFINITIONS = (
					"DEBUG=1",
					"$(inherited)",
				);
				GCC_WARN_64_TO_32_BIT_CONVERSION = YES;
				GCC_WARN_ABOUT_RETURN_TYPE = YES_ERROR;
				GCC_WARN_UNDECLARED_SELECTOR = YES;
				GCC_WARN_UNINITIALIZED_AUTOS = YES_AGGRESSIVE;
				GCC_WARN_UNUSED_FUNCTION = YES;
				GCC_WARN_UNUSED_VARIABLE = YES;
				IPHONEOS_DEPLOYMENT_TARGET = 9.3;
				MTL_ENABLE_DEBUG_INFO = YES;
				ONLY_ACTIVE_ARCH = YES;
				SDKROOT = iphoneos;
				SWIFT_OPTIMIZATION_LEVEL = "-Onone";
				TARGETED_DEVICE_FAMILY = "1,2";
			};
			name = Debug;
		};
		EA0757571CE4D11B00F525E1 /* Release */ = {
			isa = XCBuildConfiguration;
			buildSettings = {
				ALWAYS_SEARCH_USER_PATHS = NO;
				CLANG_ANALYZER_NONNULL = YES;
				CLANG_CXX_LANGUAGE_STANDARD = "gnu++0x";
				CLANG_CXX_LIBRARY = "libc++";
				CLANG_ENABLE_MODULES = YES;
				CLANG_ENABLE_OBJC_ARC = YES;
				CLANG_WARN_BOOL_CONVERSION = YES;
				CLANG_WARN_CONSTANT_CONVERSION = YES;
				CLANG_WARN_DIRECT_OBJC_ISA_USAGE = YES_ERROR;
				CLANG_WARN_EMPTY_BODY = YES;
				CLANG_WARN_ENUM_CONVERSION = YES;
				CLANG_WARN_INT_CONVERSION = YES;
				CLANG_WARN_OBJC_ROOT_CLASS = YES_ERROR;
				CLANG_WARN_UNREACHABLE_CODE = YES;
				CLANG_WARN__DUPLICATE_METHOD_MATCH = YES;
				"CODE_SIGN_IDENTITY[sdk=iphoneos*]" = "iPhone Developer";
				COPY_PHASE_STRIP = NO;
				DEBUG_INFORMATION_FORMAT = "dwarf-with-dsym";
				ENABLE_NS_ASSERTIONS = NO;
				ENABLE_STRICT_OBJC_MSGSEND = YES;
				GCC_C_LANGUAGE_STANDARD = gnu99;
				GCC_NO_COMMON_BLOCKS = YES;
				GCC_WARN_64_TO_32_BIT_CONVERSION = YES;
				GCC_WARN_ABOUT_RETURN_TYPE = YES_ERROR;
				GCC_WARN_UNDECLARED_SELECTOR = YES;
				GCC_WARN_UNINITIALIZED_AUTOS = YES_AGGRESSIVE;
				GCC_WARN_UNUSED_FUNCTION = YES;
				GCC_WARN_UNUSED_VARIABLE = YES;
				IPHONEOS_DEPLOYMENT_TARGET = 9.3;
				MTL_ENABLE_DEBUG_INFO = NO;
				SDKROOT = iphoneos;
				TARGETED_DEVICE_FAMILY = "1,2";
				VALIDATE_PRODUCT = YES;
			};
			name = Release;
		};
		EA0757591CE4D11B00F525E1 /* Debug */ = {
			isa = XCBuildConfiguration;
			buildSettings = {
				ASSETCATALOG_COMPILER_APPICON_NAME = AppIcon;
				INFOPLIST_FILE = testPage/Info.plist;
				LD_RUNPATH_SEARCH_PATHS = "$(inherited) @executable_path/Frameworks";
				PRODUCT_BUNDLE_IDENTIFIER = com.cnet.testPage;
				PRODUCT_NAME = ProgrammaticallySwipePageViewController;
			};
			name = Debug;
		};
		EA07575A1CE4D11B00F525E1 /* Release */ = {
			isa = XCBuildConfiguration;
			buildSettings = {
				ASSETCATALOG_COMPILER_APPICON_NAME = AppIcon;
				INFOPLIST_FILE = testPage/Info.plist;
				LD_RUNPATH_SEARCH_PATHS = "$(inherited) @executable_path/Frameworks";
				PRODUCT_BUNDLE_IDENTIFIER = com.cnet.testPage;
				PRODUCT_NAME = ProgrammaticallySwipePageViewController;
			};
			name = Release;
		};
/* End XCBuildConfiguration section */

/* Begin XCConfigurationList section */
		EA0757271CE4D11A00F525E1 /* Build configuration list for PBXProject "ProgrammaticallySwipePageViewController" */ = {
			isa = XCConfigurationList;
			buildConfigurations = (
				EA0757561CE4D11B00F525E1 /* Debug */,
				EA0757571CE4D11B00F525E1 /* Release */,
			);
			defaultConfigurationIsVisible = 0;
			defaultConfigurationName = Release;
		};
		EA0757581CE4D11B00F525E1 /* Build configuration list for PBXNativeTarget "ProgrammaticallySwipePageViewController" */ = {
			isa = XCConfigurationList;
			buildConfigurations = (
				EA0757591CE4D11B00F525E1 /* Debug */,
				EA07575A1CE4D11B00F525E1 /* Release */,
			);
			defaultConfigurationIsVisible = 0;
			defaultConfigurationName = Release;
		};
/* End XCConfigurationList section */
	};
	rootObject = EA0757241CE4D11A00F525E1 /* Project object */;
}
